<?xml version="1.0" encoding="utf-8"?>
<Project ToolsVersion="4.0" xmlns="http://schemas.microsoft.com/developer/msbuild/2003">
  <ItemGroup>
    <Filter Include="리소스 파일">
      <UniqueIdentifier>{67DA6AB6-F800-4c08-8B7A-83BB121AAD01}</UniqueIdentifier>
      <Extensions>rc;ico;cur;bmp;dlg;rc2;rct;bin;rgs;gif;jpg;jpeg;jpe;resx;tiff;tif;png;wav;mfcribbon-ms</Extensions>
    </Filter>
    <Filter Include="Main">
      <UniqueIdentifier>{2835ddbf-d9ad-4317-bddd-5ba0a015d84c}</UniqueIdentifier>
    </Filter>
    <Filter Include="Contents">
      <UniqueIdentifier>{c937da0a-461c-462e-ba63-8395164c87ae}</UniqueIdentifier>
    </Filter>
    <Filter Include="Engine">
      <UniqueIdentifier>{8f4dfee6-fcbb-4d21-85b8-b5fb2641bab8}</UniqueIdentifier>
    </Filter>
    <Filter Include="Engine\Camera">
      <UniqueIdentifier>{01158b37-500c-4955-98bf-02d2a8addf19}</UniqueIdentifier>
    </Filter>
    <Filter Include="Engine\Common">
      <UniqueIdentifier>{311d0239-ede0-40e7-bf65-626689fc3386}</UniqueIdentifier>
    </Filter>
    <Filter Include="Engine\Component">
      <UniqueIdentifier>{b47b18ca-d545-4dcc-ba38-2a4e383a7530}</UniqueIdentifier>
    </Filter>
    <Filter Include="Engine\GameObject">
      <UniqueIdentifier>{cdfe1ee5-6c84-405a-bd8f-000600d7a982}</UniqueIdentifier>
    </Filter>
    <Filter Include="Engine\High Level Interface">
      <UniqueIdentifier>{cfc97ccb-fa11-4d2b-b0d3-bd5b9a8f4939}</UniqueIdentifier>
    </Filter>
    <Filter Include="Engine\Input">
      <UniqueIdentifier>{5f9f8fbc-6131-4607-817e-aa71aec3d486}</UniqueIdentifier>
    </Filter>
    <Filter Include="Engine\Layer">
      <UniqueIdentifier>{db066923-ce89-42b4-9794-1fa67301d9e0}</UniqueIdentifier>
    </Filter>
    <Filter Include="Engine\Resource">
      <UniqueIdentifier>{a60c49df-3521-44d2-9bf5-3d0db32c7d0b}</UniqueIdentifier>
    </Filter>
    <Filter Include="Engine\Scene">
      <UniqueIdentifier>{c53de17c-d58f-4389-84d1-1837e9370d04}</UniqueIdentifier>
    </Filter>
    <Filter Include="Engine\Time">
      <UniqueIdentifier>{ef75bc87-b02e-4fdf-a266-b7e6133099d7}</UniqueIdentifier>
    </Filter>
    <Filter Include="Engine\Component\Collider">
      <UniqueIdentifier>{48cf8b35-417b-4a51-8645-d712b3f8fe24}</UniqueIdentifier>
    </Filter>
    <Filter Include="Engine\Component\Sprites">
      <UniqueIdentifier>{19e00d87-6cce-40eb-ae3a-f1e57cc7f208}</UniqueIdentifier>
    </Filter>
    <Filter Include="Engine\Component\Sprites\Animator">
      <UniqueIdentifier>{4c6cbf2a-7b7c-4aa5-9329-b6f2d59ea388}</UniqueIdentifier>
    </Filter>
    <Filter Include="Contents\Objects">
      <UniqueIdentifier>{e525022a-683d-4122-a567-0818e8351263}</UniqueIdentifier>
    </Filter>
    <Filter Include="Contents\Objects\GameCharacters">
      <UniqueIdentifier>{5134a243-43b4-497d-9fe2-c54af5dddbe6}</UniqueIdentifier>
    </Filter>
    <Filter Include="Contents\Objects\GameCharacters\Cadence">
      <UniqueIdentifier>{17e552fe-17eb-48de-8c21-e77a1554fc11}</UniqueIdentifier>
    </Filter>
    <Filter Include="Contents\Scene">
      <UniqueIdentifier>{3c28cd5f-7af6-43f5-bd44-0fc8f0a6463b}</UniqueIdentifier>
    </Filter>
    <Filter Include="Contents\SystemObjects">
      <UniqueIdentifier>{19635237-2ecb-465e-8e6c-400206a28474}</UniqueIdentifier>
    </Filter>
    <Filter Include="Contents\Objects\Environment">
      <UniqueIdentifier>{b7f6e13d-1db8-491a-b50b-845febf47238}</UniqueIdentifier>
    </Filter>
    <Filter Include="Contents\Objects\Environment\Floors">
      <UniqueIdentifier>{347c2aec-c1f7-497e-8bdc-266a881ee8ee}</UniqueIdentifier>
    </Filter>
    <Filter Include="Contents\Objects\Environment\Walls">
      <UniqueIdentifier>{7870289b-05e6-4758-95d1-f4e9d700905c}</UniqueIdentifier>
    </Filter>
    <Filter Include="Contents\Objects\GameCharacters\Monsters">
      <UniqueIdentifier>{643229b1-9f82-42bc-8ca1-97ba90931fbb}</UniqueIdentifier>
    </Filter>
    <Filter Include="Contents\UI">
      <UniqueIdentifier>{8b46c7f0-9dcc-4042-b748-f5dd393f2619}</UniqueIdentifier>
    </Filter>
    <Filter Include="Contents\Objects\GameCharacters\Monsters\Enemies">
      <UniqueIdentifier>{979903b4-31f8-4767-868a-5be5f51ed934}</UniqueIdentifier>
    </Filter>
    <Filter Include="Contents\Objects\GameCharacters\Monsters\Enemies\Bats">
      <UniqueIdentifier>{e6093403-cd9f-49a5-979b-00a750e0cdcd}</UniqueIdentifier>
    </Filter>
    <Filter Include="Contents\Objects\GameCharacters\Monsters\Enemies\Monkeys">
      <UniqueIdentifier>{8a2ae1c1-c383-4b14-bf36-16822ef3656f}</UniqueIdentifier>
    </Filter>
    <Filter Include="Contents\Objects\GameCharacters\Monsters\Enemies\Skeletons">
      <UniqueIdentifier>{96dac444-dc98-4a12-b591-e73531b345bd}</UniqueIdentifier>
    </Filter>
    <Filter Include="Contents\Objects\GameCharacters\Monsters\Enemies\Slimes">
      <UniqueIdentifier>{067f1840-2e46-403b-a2e8-7b10582ce1c3}</UniqueIdentifier>
    </Filter>
    <Filter Include="Contents\Objects\GameCharacters\Monsters\Enemies\Slimes\BlueSlime">
      <UniqueIdentifier>{49246ea0-6b7f-4594-aeac-27a791a68660}</UniqueIdentifier>
    </Filter>
    <Filter Include="Contents\Objects\GameCharacters\Monsters\Enemies\Slimes\GreenSlime">
      <UniqueIdentifier>{57185331-1270-4281-b4d2-01b390b9e0f3}</UniqueIdentifier>
    </Filter>
    <Filter Include="Contents\Objects\GameCharacters\Monsters\Enemies\Slimes\OrangeSlime">
      <UniqueIdentifier>{8426796c-8d31-4997-a2a1-9c513d89e363}</UniqueIdentifier>
    </Filter>
    <Filter Include="Contents\Objects\GameCharacters\Monsters\Enemies\Zombies">
      <UniqueIdentifier>{34904a58-6faa-4cf3-8845-ad975bda1eae}</UniqueIdentifier>
    </Filter>
    <Filter Include="Contents\Objects\GameCharacters\Monsters\Bosses">
      <UniqueIdentifier>{dadc4c52-5ab7-4f6c-8f83-590d8230beb5}</UniqueIdentifier>
    </Filter>
    <Filter Include="Contents\Objects\GameCharacters\Monsters\Bosses\DeepBlues">
      <UniqueIdentifier>{e24d2640-fb6f-4b4a-9d32-5cafadd76cc9}</UniqueIdentifier>
    </Filter>
    <Filter Include="Contents\Objects\Items">
      <UniqueIdentifier>{8d911b60-5b18-457f-b532-640b12a4d4f6}</UniqueIdentifier>
    </Filter>
    <Filter Include="Contents\Objects\Items\Weapons">
      <UniqueIdentifier>{c1ece01c-4963-414f-a12e-720cd2cf3be0}</UniqueIdentifier>
    </Filter>
    <Filter Include="Contents\Objects\Items\Weapons\Decorators">
      <UniqueIdentifier>{e4be7208-6862-489c-a1c4-6577b4222aef}</UniqueIdentifier>
    </Filter>
    <Filter Include="Contents\Objects\Items\Weapons\WeaponEffects">
      <UniqueIdentifier>{336c36b3-3acd-41f1-b3de-b69100f4af16}</UniqueIdentifier>
    </Filter>
    <Filter Include="Contents\Objects\Items\Weapons\Base">
      <UniqueIdentifier>{3f3a653a-5136-4204-b97d-e7e42354fb30}</UniqueIdentifier>
    </Filter>
    <Filter Include="Contents\Objects\Items\Shovels">
      <UniqueIdentifier>{c713838a-dad8-4eda-9152-1599f020cfdf}</UniqueIdentifier>
    </Filter>
    <Filter Include="Contents\Objects\GameCharacters\Monsters\MiniBosses">
      <UniqueIdentifier>{93b73c29-ca76-4b4a-8e9b-ad72c58416cc}</UniqueIdentifier>
    </Filter>
    <Filter Include="Contents\Objects\GameCharacters\Monsters\MiniBosses\Dirbat">
      <UniqueIdentifier>{e4134e28-3556-4579-bb41-90cd67ce072d}</UniqueIdentifier>
    </Filter>
    <Filter Include="Contents\Objects\GameCharacters\Monsters\MiniBosses\Minotaur">
      <UniqueIdentifier>{61b7888b-bca9-4432-89b0-d44b745b4caa}</UniqueIdentifier>
    </Filter>
    <Filter Include="Contents\Objects\GameCharacters\Monsters\MiniBosses\Dragon">
      <UniqueIdentifier>{6025c1cf-30c3-4eed-8375-224e9ac0f6f9}</UniqueIdentifier>
    </Filter>
    <Filter Include="Contents\Objects\GameCharacters\Monsters\AttackEffects">
      <UniqueIdentifier>{56163033-e928-4da6-873a-4fd3db03710b}</UniqueIdentifier>
    </Filter>
    <Filter Include="Contents\Objects\Environment\Lights">
      <UniqueIdentifier>{45c87662-c2a9-4fba-b8b0-c6f7e1f67f7a}</UniqueIdentifier>
    </Filter>
  </ItemGroup>
  <ItemGroup>
    <ClInclude Include="Client.h">
      <Filter>Main</Filter>
    </ClInclude>
    <ClInclude Include="framework.h">
      <Filter>Main</Filter>
    </ClInclude>
    <ClInclude Include="Resource.h">
      <Filter>Main</Filter>
    </ClInclude>
    <ClInclude Include="targetver.h">
      <Filter>Main</Filter>
    </ClInclude>
    <ClInclude Include="CommonInclude.h">
      <Filter>Engine\Common</Filter>
    </ClInclude>
    <ClInclude Include="LAnimation.h">
      <Filter>Engine\Component\Sprites\Animator</Filter>
    </ClInclude>
    <ClInclude Include="LAnimator.h">
      <Filter>Engine\Component\Sprites\Animator</Filter>
    </ClInclude>
    <ClInclude Include="LApplication.h">
      <Filter>Engine\High Level Interface</Filter>
    </ClInclude>
    <ClInclude Include="LBeatObject.h">
      <Filter>Contents\Objects</Filter>
    </ClInclude>
    <ClInclude Include="LCadence.h">
      <Filter>Contents\Objects\GameCharacters\Cadence</Filter>
    </ClInclude>
    <ClInclude Include="LCadenceAttackEffect.h">
      <Filter>Contents\Objects\GameCharacters\Cadence</Filter>
    </ClInclude>
    <ClInclude Include="LCadenceBody.h">
      <Filter>Contents\Objects\GameCharacters\Cadence</Filter>
    </ClInclude>
    <ClInclude Include="LCadenceHead.h">
      <Filter>Contents\Objects\GameCharacters\Cadence</Filter>
    </ClInclude>
    <ClInclude Include="LCadenceSprite.h">
      <Filter>Contents\Objects\GameCharacters\Cadence</Filter>
    </ClInclude>
    <ClInclude Include="LCamera.h">
      <Filter>Engine\Camera</Filter>
    </ClInclude>
    <ClInclude Include="LCharacterSprite.h">
      <Filter>Contents\Objects\GameCharacters</Filter>
    </ClInclude>
    <ClInclude Include="LCollider.h">
      <Filter>Engine\Component\Collider</Filter>
    </ClInclude>
    <ClInclude Include="LCollisionManager.h">
      <Filter>Engine\Component\Collider</Filter>
    </ClInclude>
    <ClInclude Include="LEntity.h">
      <Filter>Engine\Common</Filter>
    </ClInclude>
    <ClInclude Include="LEnums.h">
      <Filter>Engine\Common</Filter>
    </ClInclude>
    <ClInclude Include="LComponent.h">
      <Filter>Engine\Component</Filter>
    </ClInclude>
    <ClInclude Include="LGameCharacter.h">
      <Filter>Contents\Objects\GameCharacters</Filter>
    </ClInclude>
    <ClInclude Include="LTutorialScene.h">
      <Filter>Contents\Scene</Filter>
    </ClInclude>
    <ClInclude Include="LTitleScene.h">
      <Filter>Contents\Scene</Filter>
    </ClInclude>
    <ClInclude Include="LSplashScene.h">
      <Filter>Contents\Scene</Filter>
    </ClInclude>
    <ClInclude Include="LScene.h">
      <Filter>Engine\Scene</Filter>
    </ClInclude>
    <ClInclude Include="LSceneManager.h">
      <Filter>Engine\Scene</Filter>
    </ClInclude>
    <ClInclude Include="LBeatManager.h">
      <Filter>Contents\SystemObjects</Filter>
    </ClInclude>
    <ClInclude Include="LGameObject.h">
      <Filter>Engine\GameObject</Filter>
    </ClInclude>
    <ClInclude Include="LInput.h">
      <Filter>Engine\Input</Filter>
    </ClInclude>
    <ClInclude Include="LLayer.h">
      <Filter>Engine\Layer</Filter>
    </ClInclude>
    <ClInclude Include="LMapManager.h">
      <Filter>Contents\SystemObjects</Filter>
    </ClInclude>
    <ClInclude Include="LMath.h">
      <Filter>Engine\Common</Filter>
    </ClInclude>
    <ClInclude Include="LObject.h">
      <Filter>Engine\GameObject</Filter>
    </ClInclude>
    <ClInclude Include="LResource.h">
      <Filter>Engine\Resource</Filter>
    </ClInclude>
    <ClInclude Include="LResources.h">
      <Filter>Engine\Resource</Filter>
    </ClInclude>
    <ClInclude Include="LSprite.h">
      <Filter>Engine\Component\Sprites</Filter>
    </ClInclude>
    <ClInclude Include="LSpriteRenderer.h">
      <Filter>Engine\Component\Sprites</Filter>
    </ClInclude>
    <ClInclude Include="LTime.h">
      <Filter>Engine\Time</Filter>
    </ClInclude>
    <ClInclude Include="LuciEngine.h">
      <Filter>Engine\Common</Filter>
    </ClInclude>
    <ClInclude Include="LTransform.h">
      <Filter>Engine\Component</Filter>
    </ClInclude>
    <ClInclude Include="LTileObject.h">
      <Filter>Contents\Objects\Environment</Filter>
    </ClInclude>
    <ClInclude Include="LFloorTile.h">
      <Filter>Contents\Objects\Environment\Floors</Filter>
    </ClInclude>
    <ClInclude Include="LFloorStrategy.h">
      <Filter>Contents\Objects\Environment\Floors</Filter>
    </ClInclude>
    <ClInclude Include="LLobbyScene.h">
      <Filter>Contents\Scene</Filter>
    </ClInclude>
    <ClInclude Include="LMap.h">
      <Filter>Contents\SystemObjects</Filter>
    </ClInclude>
    <ClInclude Include="LWallTile.h">
      <Filter>Contents\Objects\Environment\Walls</Filter>
    </ClInclude>
    <ClInclude Include="LAudioClip.h">
      <Filter>Engine\Resource</Filter>
    </ClInclude>
    <ClInclude Include="LImage.h">
      <Filter>Engine\Resource</Filter>
    </ClInclude>
    <ClInclude Include="LAudioDevice.h">
      <Filter>Engine\Resource</Filter>
    </ClInclude>
    <ClInclude Include="LMonster.h">
      <Filter>Contents\Objects\GameCharacters\Monsters</Filter>
    </ClInclude>
    <ClInclude Include="LBlueSlime.h">
      <Filter>Contents\Objects\GameCharacters\Monsters\Enemies\Slimes\BlueSlime</Filter>
    </ClInclude>
    <ClInclude Include="LBlueSlimeSprite.h">
      <Filter>Contents\Objects\GameCharacters\Monsters\Enemies\Slimes\BlueSlime</Filter>
    </ClInclude>
    <ClInclude Include="LCadenceShovelEffect.h">
      <Filter>Contents\Objects\GameCharacters\Cadence</Filter>
    </ClInclude>
    <ClInclude Include="LWeapon.h">
      <Filter>Contents\Objects\Items\Weapons</Filter>
    </ClInclude>
    <ClInclude Include="LWeaponFilter.h">
      <Filter>Contents\Objects\Items\Weapons\Decorators</Filter>
    </ClInclude>
    <ClInclude Include="LGreenSlime.h">
      <Filter>Contents\Objects\GameCharacters\Monsters\Enemies\Slimes\GreenSlime</Filter>
    </ClInclude>
    <ClInclude Include="LOrangeSlime.h">
      <Filter>Contents\Objects\GameCharacters\Monsters\Enemies\Slimes\OrangeSlime</Filter>
    </ClInclude>
    <ClInclude Include="LGreenSlimeSprite.h">
      <Filter>Contents\Objects\GameCharacters\Monsters\Enemies\Slimes\GreenSlime</Filter>
    </ClInclude>
    <ClInclude Include="LOrangeSlimeSprite.h">
      <Filter>Contents\Objects\GameCharacters\Monsters\Enemies\Slimes\OrangeSlime</Filter>
    </ClInclude>
    <ClInclude Include="LShovel.h">
      <Filter>Contents\Objects\Items\Shovels</Filter>
    </ClInclude>
    <ClInclude Include="LSlime.h">
      <Filter>Contents\Objects\GameCharacters\Monsters\Enemies\Slimes</Filter>
    </ClInclude>
    <ClInclude Include="LMonsterHeart.h">
      <Filter>Contents\Objects\GameCharacters\Monsters</Filter>
    </ClInclude>
    <ClInclude Include="LItem.h">
      <Filter>Contents\Objects\Items</Filter>
    </ClInclude>
    <ClInclude Include="LItemIncludes.h">
      <Filter>Contents\Objects\Items</Filter>
    </ClInclude>
    <ClInclude Include="LWeaponEffect.h">
      <Filter>Contents\Objects\Items\Weapons\WeaponEffects</Filter>
    </ClInclude>
    <ClInclude Include="LDagger.h">
      <Filter>Contents\Objects\Items\Weapons\Base</Filter>
    </ClInclude>
    <ClInclude Include="LShortMeleeEffect.h">
      <Filter>Contents\Objects\Items\Weapons\WeaponEffects</Filter>
    </ClInclude>
    <ClInclude Include="LCadenceSound.h">
      <Filter>Contents\Objects\GameCharacters\Cadence</Filter>
    </ClInclude>
    <ClInclude Include="LBat.h">
      <Filter>Contents\Objects\GameCharacters\Monsters\Enemies\Bats</Filter>
    </ClInclude>
    <ClInclude Include="LBatSprite.h">
      <Filter>Contents\Objects\GameCharacters\Monsters\Enemies\Bats</Filter>
    </ClInclude>
    <ClInclude Include="LRedBatSprite.h">
      <Filter>Contents\Objects\GameCharacters\Monsters\Enemies\Bats</Filter>
    </ClInclude>
    <ClInclude Include="LSkeletonSprite.h">
      <Filter>Contents\Objects\GameCharacters\Monsters\Enemies\Skeletons</Filter>
    </ClInclude>
    <ClInclude Include="LSkeleton.h">
      <Filter>Contents\Objects\GameCharacters\Monsters\Enemies\Skeletons</Filter>
    </ClInclude>
    <ClInclude Include="LSkeletonBase.h">
      <Filter>Contents\Objects\GameCharacters\Monsters\Enemies\Skeletons</Filter>
    </ClInclude>
    <ClInclude Include="LZombie.h">
      <Filter>Contents\Objects\GameCharacters\Monsters\Enemies\Zombies</Filter>
    </ClInclude>
    <ClInclude Include="LZombieSprite.h">
      <Filter>Contents\Objects\GameCharacters\Monsters\Enemies\Zombies</Filter>
    </ClInclude>
    <ClInclude Include="LBishop.h">
      <Filter>Contents\Objects\GameCharacters\Monsters\Bosses\DeepBlues</Filter>
    </ClInclude>
    <ClInclude Include="LBishopSprite.h">
      <Filter>Contents\Objects\GameCharacters\Monsters\Bosses\DeepBlues</Filter>
    </ClInclude>
    <ClInclude Include="LKing.h">
      <Filter>Contents\Objects\GameCharacters\Monsters\Bosses\DeepBlues</Filter>
    </ClInclude>
    <ClInclude Include="LKingSprite.h">
      <Filter>Contents\Objects\GameCharacters\Monsters\Bosses\DeepBlues</Filter>
    </ClInclude>
    <ClInclude Include="LKnight.h">
      <Filter>Contents\Objects\GameCharacters\Monsters\Bosses\DeepBlues</Filter>
    </ClInclude>
    <ClInclude Include="LKnightSprite.h">
      <Filter>Contents\Objects\GameCharacters\Monsters\Bosses\DeepBlues</Filter>
    </ClInclude>
    <ClInclude Include="LPawn.h">
      <Filter>Contents\Objects\GameCharacters\Monsters\Bosses\DeepBlues</Filter>
    </ClInclude>
    <ClInclude Include="LPawnSprite.h">
      <Filter>Contents\Objects\GameCharacters\Monsters\Bosses\DeepBlues</Filter>
    </ClInclude>
    <ClInclude Include="LQueenSprite.h">
      <Filter>Contents\Objects\GameCharacters\Monsters\Bosses\DeepBlues</Filter>
    </ClInclude>
    <ClInclude Include="LRook.h">
      <Filter>Contents\Objects\GameCharacters\Monsters\Bosses\DeepBlues</Filter>
    </ClInclude>
    <ClInclude Include="LRookSprite.h">
      <Filter>Contents\Objects\GameCharacters\Monsters\Bosses\DeepBlues</Filter>
    </ClInclude>
    <ClInclude Include="LDoor.h">
      <Filter>Contents\Objects\Environment\Walls</Filter>
    </ClInclude>
    <ClInclude Include="LQueen.h">
      <Filter>Contents\Objects\GameCharacters\Monsters\Bosses\DeepBlues</Filter>
    </ClInclude>
    <ClInclude Include="LWallShadow.h">
      <Filter>Contents\Objects\Environment\Walls</Filter>
    </ClInclude>
    <ClInclude Include="LFloorShadow.h">
      <Filter>Contents\Objects\Environment\Floors</Filter>
    </ClInclude>
    <ClInclude Include="LDireBatBase.h">
      <Filter>Contents\Objects\GameCharacters\Monsters\MiniBosses\Dirbat</Filter>
    </ClInclude>
    <ClInclude Include="LDireBatSprite.h">
      <Filter>Contents\Objects\GameCharacters\Monsters\MiniBosses\Dirbat</Filter>
    </ClInclude>
    <ClInclude Include="LDireBat.h">
      <Filter>Contents\Objects\GameCharacters\Monsters\MiniBosses\Dirbat</Filter>
    </ClInclude>
    <ClInclude Include="LBatBase.h">
      <Filter>Contents\Objects\GameCharacters\Monsters\Enemies\Bats</Filter>
    </ClInclude>
    <ClInclude Include="LMinotaurBase.h">
      <Filter>Contents\Objects\GameCharacters\Monsters\MiniBosses\Minotaur</Filter>
    </ClInclude>
    <ClInclude Include="LDragonBase.h">
      <Filter>Contents\Objects\GameCharacters\Monsters\MiniBosses\Dragon</Filter>
    </ClInclude>
    <ClInclude Include="LMinotaur.h">
      <Filter>Contents\Objects\GameCharacters\Monsters\MiniBosses\Minotaur</Filter>
    </ClInclude>
    <ClInclude Include="LMinotaurSprite.h">
      <Filter>Contents\Objects\GameCharacters\Monsters\MiniBosses\Minotaur</Filter>
    </ClInclude>
    <ClInclude Include="LDragon.h">
      <Filter>Contents\Objects\GameCharacters\Monsters\MiniBosses\Dragon</Filter>
    </ClInclude>
    <ClInclude Include="LMonsterMelee.h">
      <Filter>Contents\Objects\GameCharacters\Monsters\AttackEffects</Filter>
    </ClInclude>
    <ClInclude Include="LMonsterMeleeEffect.h">
      <Filter>Contents\Objects\GameCharacters\Monsters\AttackEffects</Filter>
    </ClInclude>
    <ClInclude Include="LRedDragonSprite.h">
      <Filter>Contents\Objects\GameCharacters\Monsters\MiniBosses\Dragon</Filter>
    </ClInclude>
    <ClInclude Include="LGreenDragonSprite.h">
      <Filter>Contents\Objects\GameCharacters\Monsters\MiniBosses\Dragon</Filter>
    </ClInclude>
    <ClInclude Include="LWallTorch.h">
      <Filter>Contents\Objects\Environment\Lights</Filter>
    </ClInclude>
    <ClInclude Include="LTileLight.h">
      <Filter>Contents\Objects\Environment\Lights</Filter>
    </ClInclude>
    <ClInclude Include="LLightSource.h">
      <Filter>Contents\Objects\Environment\Lights</Filter>
    </ClInclude>
  </ItemGroup>
  <ItemGroup>
    <ResourceCompile Include="Client.rc">
      <Filter>리소스 파일</Filter>
    </ResourceCompile>
  </ItemGroup>
  <ItemGroup>
    <Image Include="small.ico">
      <Filter>리소스 파일</Filter>
    </Image>
    <Image Include="Client.ico">
      <Filter>리소스 파일</Filter>
    </Image>
  </ItemGroup>
  <ItemGroup>
    <ClCompile Include="Client.cpp">
      <Filter>Main</Filter>
    </ClCompile>
    <ClCompile Include="LAnimation.cpp">
      <Filter>Engine\Component\Sprites\Animator</Filter>
    </ClCompile>
    <ClCompile Include="LAnimator.cpp">
      <Filter>Engine\Component\Sprites\Animator</Filter>
    </ClCompile>
    <ClCompile Include="LApplication.cpp">
      <Filter>Engine\High Level Interface</Filter>
    </ClCompile>
    <ClCompile Include="LCadence.cpp">
      <Filter>Contents\Objects\GameCharacters\Cadence</Filter>
    </ClCompile>
    <ClCompile Include="LCadenceAttackEffect.cpp">
      <Filter>Contents\Objects\GameCharacters\Cadence</Filter>
    </ClCompile>
    <ClCompile Include="LCadenceBody.cpp">
      <Filter>Contents\Objects\GameCharacters\Cadence</Filter>
    </ClCompile>
    <ClCompile Include="LCadenceHead.cpp">
      <Filter>Contents\Objects\GameCharacters\Cadence</Filter>
    </ClCompile>
    <ClCompile Include="LCadenceSprite.cpp">
      <Filter>Contents\Objects\GameCharacters\Cadence</Filter>
    </ClCompile>
    <ClCompile Include="LCamera.cpp">
      <Filter>Engine\Camera</Filter>
    </ClCompile>
    <ClCompile Include="LCharacterSprite.cpp">
      <Filter>Contents\Objects\GameCharacters</Filter>
    </ClCompile>
    <ClCompile Include="LCollider.cpp">
      <Filter>Engine\Component\Collider</Filter>
    </ClCompile>
    <ClCompile Include="LCollisionManager.cpp">
      <Filter>Engine\Component\Collider</Filter>
    </ClCompile>
    <ClCompile Include="LEntity.cpp">
      <Filter>Engine\Common</Filter>
    </ClCompile>
    <ClCompile Include="LComponent.cpp">
      <Filter>Engine\Component</Filter>
    </ClCompile>
    <ClCompile Include="LGameCharacter.cpp">
      <Filter>Contents\Objects\GameCharacters</Filter>
    </ClCompile>
    <ClCompile Include="LTutorialScene.cpp">
      <Filter>Contents\Scene</Filter>
    </ClCompile>
    <ClCompile Include="LTitleScene.cpp">
      <Filter>Contents\Scene</Filter>
    </ClCompile>
    <ClCompile Include="LSplashScene.cpp">
      <Filter>Contents\Scene</Filter>
    </ClCompile>
    <ClCompile Include="LScene.cpp">
      <Filter>Engine\Scene</Filter>
    </ClCompile>
    <ClCompile Include="LSceneManager.cpp">
      <Filter>Engine\Scene</Filter>
    </ClCompile>
    <ClCompile Include="LBeatManager.cpp">
      <Filter>Contents\SystemObjects</Filter>
    </ClCompile>
    <ClCompile Include="LGameObject.cpp">
      <Filter>Engine\GameObject</Filter>
    </ClCompile>
    <ClCompile Include="LInput.cpp">
      <Filter>Engine\Input</Filter>
    </ClCompile>
    <ClCompile Include="LLayer.cpp">
      <Filter>Engine\Layer</Filter>
    </ClCompile>
    <ClCompile Include="LMapManager.cpp">
      <Filter>Contents\SystemObjects</Filter>
    </ClCompile>
    <ClCompile Include="LMath.cpp">
      <Filter>Engine\Common</Filter>
    </ClCompile>
    <ClCompile Include="LResource.cpp">
      <Filter>Engine\Resource</Filter>
    </ClCompile>
    <ClCompile Include="LResources.cpp">
      <Filter>Engine\Resource</Filter>
    </ClCompile>
    <ClCompile Include="LSpriteRenderer.cpp">
      <Filter>Engine\Component\Sprites</Filter>
    </ClCompile>
    <ClCompile Include="LTime.cpp">
      <Filter>Engine\Time</Filter>
    </ClCompile>
    <ClCompile Include="LTransform.cpp">
      <Filter>Engine\Component</Filter>
    </ClCompile>
    <ClCompile Include="LTileObject.cpp">
      <Filter>Contents\Objects\Environment</Filter>
    </ClCompile>
    <ClCompile Include="LFloorTile.cpp">
      <Filter>Contents\Objects\Environment\Floors</Filter>
    </ClCompile>
    <ClCompile Include="LFloorStrategy.cpp">
      <Filter>Contents\Objects\Environment\Floors</Filter>
    </ClCompile>
    <ClCompile Include="LLobbyScene.cpp">
      <Filter>Contents\Scene</Filter>
    </ClCompile>
    <ClCompile Include="LMap.cpp">
      <Filter>Contents\SystemObjects</Filter>
    </ClCompile>
    <ClCompile Include="LStairTile.cpp">
      <Filter>Contents\Objects\Environment\Floors</Filter>
    </ClCompile>
    <ClCompile Include="LWallTile.cpp">
      <Filter>Contents\Objects\Environment\Walls</Filter>
    </ClCompile>
    <ClCompile Include="LAudioClip.cpp">
      <Filter>Engine\Resource</Filter>
    </ClCompile>
    <ClCompile Include="LImage.cpp">
      <Filter>Engine\Resource</Filter>
    </ClCompile>
    <ClCompile Include="LAudioDevice.cpp">
      <Filter>Engine\Resource</Filter>
    </ClCompile>
    <ClCompile Include="LMonster.cpp">
      <Filter>Contents\Objects\GameCharacters\Monsters</Filter>
    </ClCompile>
    <ClCompile Include="LBlueSlime.cpp">
      <Filter>Contents\Objects\GameCharacters\Monsters\Enemies\Slimes\BlueSlime</Filter>
    </ClCompile>
    <ClCompile Include="LBlueSlimeSprite.cpp">
      <Filter>Contents\Objects\GameCharacters\Monsters\Enemies\Slimes\BlueSlime</Filter>
    </ClCompile>
    <ClCompile Include="LCadenceShovelEffect.cpp">
      <Filter>Contents\Objects\GameCharacters\Cadence</Filter>
    </ClCompile>
    <ClCompile Include="LWeapon.cpp">
      <Filter>Contents\Objects\Items\Weapons</Filter>
    </ClCompile>
    <ClCompile Include="LWeaponFilter.cpp">
      <Filter>Contents\Objects\Items\Weapons\Decorators</Filter>
    </ClCompile>
    <ClCompile Include="LGreenSlime.cpp">
      <Filter>Contents\Objects\GameCharacters\Monsters\Enemies\Slimes\GreenSlime</Filter>
    </ClCompile>
    <ClCompile Include="LOrangeSlime.cpp">
      <Filter>Contents\Objects\GameCharacters\Monsters\Enemies\Slimes\OrangeSlime</Filter>
    </ClCompile>
    <ClCompile Include="LGreenSlimeSprite.cpp">
      <Filter>Contents\Objects\GameCharacters\Monsters\Enemies\Slimes\GreenSlime</Filter>
    </ClCompile>
    <ClCompile Include="LOrangeSlimeSprite.cpp">
      <Filter>Contents\Objects\GameCharacters\Monsters\Enemies\Slimes\OrangeSlime</Filter>
    </ClCompile>
    <ClCompile Include="LShovel.cpp">
      <Filter>Contents\Objects\Items\Shovels</Filter>
    </ClCompile>
    <ClCompile Include="LSlime.cpp">
      <Filter>Contents\Objects\GameCharacters\Monsters\Enemies\Slimes</Filter>
    </ClCompile>
    <ClCompile Include="LMonsterHeart.cpp">
      <Filter>Contents\Objects\GameCharacters\Monsters</Filter>
    </ClCompile>
    <ClCompile Include="LItem.cpp">
      <Filter>Contents\Objects\Items</Filter>
    </ClCompile>
    <ClCompile Include="LWeaponEffect.cpp">
      <Filter>Contents\Objects\Items\Weapons\WeaponEffects</Filter>
    </ClCompile>
    <ClCompile Include="LDagger.cpp">
      <Filter>Contents\Objects\Items\Weapons\Base</Filter>
    </ClCompile>
    <ClCompile Include="LShortMeleeEffect.cpp">
      <Filter>Contents\Objects\Items\Weapons\WeaponEffects</Filter>
    </ClCompile>
    <ClCompile Include="LCadenceSound.cpp">
      <Filter>Contents\Objects\GameCharacters\Cadence</Filter>
    </ClCompile>
    <ClCompile Include="LBat.cpp">
      <Filter>Contents\Objects\GameCharacters\Monsters\Enemies\Bats</Filter>
    </ClCompile>
    <ClCompile Include="LBatSprite.cpp">
      <Filter>Contents\Objects\GameCharacters\Monsters\Enemies\Bats</Filter>
    </ClCompile>
    <ClCompile Include="LRedBatSprite.cpp">
      <Filter>Contents\Objects\GameCharacters\Monsters\Enemies\Bats</Filter>
    </ClCompile>
    <ClCompile Include="LSkeletonSprite.cpp">
      <Filter>Contents\Objects\GameCharacters\Monsters\Enemies\Skeletons</Filter>
    </ClCompile>
    <ClCompile Include="LSkeleton.cpp">
      <Filter>Contents\Objects\GameCharacters\Monsters\Enemies\Skeletons</Filter>
    </ClCompile>
    <ClCompile Include="LSkeletonBase.cpp">
      <Filter>Contents\Objects\GameCharacters\Monsters\Enemies\Skeletons</Filter>
    </ClCompile>
    <ClCompile Include="LZombie.cpp">
      <Filter>Contents\Objects\GameCharacters\Monsters\Enemies\Zombies</Filter>
    </ClCompile>
    <ClCompile Include="LZombieSprite.cpp">
      <Filter>Contents\Objects\GameCharacters\Monsters\Enemies\Zombies</Filter>
    </ClCompile>
    <ClCompile Include="LBishop.cpp">
      <Filter>Contents\Objects\GameCharacters\Monsters\Bosses\DeepBlues</Filter>
    </ClCompile>
    <ClCompile Include="LBishopSprite.cpp">
      <Filter>Contents\Objects\GameCharacters\Monsters\Bosses\DeepBlues</Filter>
    </ClCompile>
    <ClCompile Include="LKing.cpp">
      <Filter>Contents\Objects\GameCharacters\Monsters\Bosses\DeepBlues</Filter>
    </ClCompile>
    <ClCompile Include="LKingSprite.cpp">
      <Filter>Contents\Objects\GameCharacters\Monsters\Bosses\DeepBlues</Filter>
    </ClCompile>
    <ClCompile Include="LKnight.cpp">
      <Filter>Contents\Objects\GameCharacters\Monsters\Bosses\DeepBlues</Filter>
    </ClCompile>
    <ClCompile Include="LKnightSprite.cpp">
      <Filter>Contents\Objects\GameCharacters\Monsters\Bosses\DeepBlues</Filter>
    </ClCompile>
    <ClCompile Include="LPawn.cpp">
      <Filter>Contents\Objects\GameCharacters\Monsters\Bosses\DeepBlues</Filter>
    </ClCompile>
    <ClCompile Include="LPawnSprite.cpp">
      <Filter>Contents\Objects\GameCharacters\Monsters\Bosses\DeepBlues</Filter>
    </ClCompile>
    <ClCompile Include="LQueenSprite.cpp">
      <Filter>Contents\Objects\GameCharacters\Monsters\Bosses\DeepBlues</Filter>
    </ClCompile>
    <ClCompile Include="LRook.cpp">
      <Filter>Contents\Objects\GameCharacters\Monsters\Bosses\DeepBlues</Filter>
    </ClCompile>
    <ClCompile Include="LRookSprite.cpp">
      <Filter>Contents\Objects\GameCharacters\Monsters\Bosses\DeepBlues</Filter>
    </ClCompile>
    <ClCompile Include="LDoor.cpp">
      <Filter>Contents\Objects\Environment\Walls</Filter>
    </ClCompile>
    <ClCompile Include="LQueen.cpp">
      <Filter>Contents\Objects\GameCharacters\Monsters\Bosses\DeepBlues</Filter>
    </ClCompile>
    <ClCompile Include="LWallShadow.cpp">
      <Filter>Contents\Objects\Environment\Walls</Filter>
    </ClCompile>
    <ClCompile Include="LFloorShadow.cpp">
      <Filter>Contents\Objects\Environment\Floors</Filter>
    </ClCompile>
    <ClCompile Include="LDireBatBase.cpp">
      <Filter>Contents\Objects\GameCharacters\Monsters\MiniBosses\Dirbat</Filter>
    </ClCompile>
    <ClCompile Include="LDireBatSprite.cpp">
      <Filter>Contents\Objects\GameCharacters\Monsters\MiniBosses\Dirbat</Filter>
    </ClCompile>
    <ClCompile Include="LDireBat.cpp">
      <Filter>Contents\Objects\GameCharacters\Monsters\MiniBosses\Dirbat</Filter>
    </ClCompile>
    <ClCompile Include="LBatBase.cpp">
      <Filter>Contents\Objects\GameCharacters\Monsters\Enemies\Bats</Filter>
    </ClCompile>
    <ClCompile Include="LMinotaurBase.cpp">
      <Filter>Contents\Objects\GameCharacters\Monsters\MiniBosses\Minotaur</Filter>
    </ClCompile>
    <ClCompile Include="LDragonBase.cpp">
      <Filter>Contents\Objects\GameCharacters\Monsters\MiniBosses\Dragon</Filter>
    </ClCompile>
    <ClCompile Include="LMinotaur.cpp">
      <Filter>Contents\Objects\GameCharacters\Monsters\MiniBosses\Minotaur</Filter>
    </ClCompile>
    <ClCompile Include="LMinotaurSprite.cpp">
      <Filter>Contents\Objects\GameCharacters\Monsters\MiniBosses\Minotaur</Filter>
    </ClCompile>
    <ClCompile Include="LDragon.cpp">
      <Filter>Contents\Objects\GameCharacters\Monsters\MiniBosses\Dragon</Filter>
    </ClCompile>
    <ClCompile Include="LMonsterMelee.cpp">
      <Filter>Contents\Objects\GameCharacters\Monsters\AttackEffects</Filter>
    </ClCompile>
    <ClCompile Include="LMonsterMeleeEffect.cpp">
      <Filter>Contents\Objects\GameCharacters\Monsters\AttackEffects</Filter>
    </ClCompile>
    <ClCompile Include="LGreenDragonSprite.cpp">
      <Filter>Contents\Objects\GameCharacters\Monsters\MiniBosses\Dragon</Filter>
    </ClCompile>
    <ClCompile Include="LRedDragonSprite.cpp">
      <Filter>Contents\Objects\GameCharacters\Monsters\MiniBosses\Dragon</Filter>
    </ClCompile>
    <ClCompile Include="LWallTorch.cpp">
      <Filter>Contents\Objects\Environment\Lights</Filter>
    </ClCompile>
    <ClCompile Include="LTileLight.cpp">
      <Filter>Contents\Objects\Environment\Lights</Filter>
    </ClCompile>
    <ClCompile Include="LLightSource.cpp">
      <Filter>Contents\Objects\Environment\Lights</Filter>
    </ClCompile>
  </ItemGroup>
</Project>