<?xml version="1.0" encoding="utf-8"?>
<Project ToolsVersion="4.0" xmlns="http://schemas.microsoft.com/developer/msbuild/2003">
  <ItemGroup>
    <Filter Include="리소스 파일">
      <UniqueIdentifier>{67DA6AB6-F800-4c08-8B7A-83BB121AAD01}</UniqueIdentifier>
      <Extensions>rc;ico;cur;bmp;dlg;rc2;rct;bin;rgs;gif;jpg;jpeg;jpe;resx;tiff;tif;png;wav;mfcribbon-ms</Extensions>
    </Filter>
    <Filter Include="Main">
      <UniqueIdentifier>{2835ddbf-d9ad-4317-bddd-5ba0a015d84c}</UniqueIdentifier>
    </Filter>
    <Filter Include="Contents">
      <UniqueIdentifier>{c937da0a-461c-462e-ba63-8395164c87ae}</UniqueIdentifier>
    </Filter>
    <Filter Include="Engine">
      <UniqueIdentifier>{8f4dfee6-fcbb-4d21-85b8-b5fb2641bab8}</UniqueIdentifier>
    </Filter>
    <Filter Include="Engine\Camera">
      <UniqueIdentifier>{01158b37-500c-4955-98bf-02d2a8addf19}</UniqueIdentifier>
    </Filter>
    <Filter Include="Engine\Common">
      <UniqueIdentifier>{311d0239-ede0-40e7-bf65-626689fc3386}</UniqueIdentifier>
    </Filter>
    <Filter Include="Engine\Component">
      <UniqueIdentifier>{b47b18ca-d545-4dcc-ba38-2a4e383a7530}</UniqueIdentifier>
    </Filter>
    <Filter Include="Engine\GameObject">
      <UniqueIdentifier>{cdfe1ee5-6c84-405a-bd8f-000600d7a982}</UniqueIdentifier>
    </Filter>
    <Filter Include="Engine\High Level Interface">
      <UniqueIdentifier>{cfc97ccb-fa11-4d2b-b0d3-bd5b9a8f4939}</UniqueIdentifier>
    </Filter>
    <Filter Include="Engine\Input">
      <UniqueIdentifier>{5f9f8fbc-6131-4607-817e-aa71aec3d486}</UniqueIdentifier>
    </Filter>
    <Filter Include="Engine\Layer">
      <UniqueIdentifier>{db066923-ce89-42b4-9794-1fa67301d9e0}</UniqueIdentifier>
    </Filter>
    <Filter Include="Engine\Resource">
      <UniqueIdentifier>{a60c49df-3521-44d2-9bf5-3d0db32c7d0b}</UniqueIdentifier>
    </Filter>
    <Filter Include="Engine\Scene">
      <UniqueIdentifier>{c53de17c-d58f-4389-84d1-1837e9370d04}</UniqueIdentifier>
    </Filter>
    <Filter Include="Engine\Time">
      <UniqueIdentifier>{ef75bc87-b02e-4fdf-a266-b7e6133099d7}</UniqueIdentifier>
    </Filter>
    <Filter Include="Contents\Items">
      <UniqueIdentifier>{8d911b60-5b18-457f-b532-640b12a4d4f6}</UniqueIdentifier>
    </Filter>
    <Filter Include="Engine\Component\Collider">
      <UniqueIdentifier>{48cf8b35-417b-4a51-8645-d712b3f8fe24}</UniqueIdentifier>
    </Filter>
    <Filter Include="Engine\Component\Sprites">
      <UniqueIdentifier>{19e00d87-6cce-40eb-ae3a-f1e57cc7f208}</UniqueIdentifier>
    </Filter>
    <Filter Include="Engine\Component\Sprites\Animator">
      <UniqueIdentifier>{4c6cbf2a-7b7c-4aa5-9329-b6f2d59ea388}</UniqueIdentifier>
    </Filter>
    <Filter Include="Contents\Objects">
      <UniqueIdentifier>{e525022a-683d-4122-a567-0818e8351263}</UniqueIdentifier>
    </Filter>
    <Filter Include="Contents\Objects\GameCharacters">
      <UniqueIdentifier>{5134a243-43b4-497d-9fe2-c54af5dddbe6}</UniqueIdentifier>
    </Filter>
    <Filter Include="Contents\Objects\GameCharacters\Cadence">
      <UniqueIdentifier>{17e552fe-17eb-48de-8c21-e77a1554fc11}</UniqueIdentifier>
    </Filter>
    <Filter Include="Contents\Scene">
      <UniqueIdentifier>{3c28cd5f-7af6-43f5-bd44-0fc8f0a6463b}</UniqueIdentifier>
    </Filter>
    <Filter Include="Contents\SystemObjects">
      <UniqueIdentifier>{19635237-2ecb-465e-8e6c-400206a28474}</UniqueIdentifier>
    </Filter>
    <Filter Include="Contents\Objects\Environment">
      <UniqueIdentifier>{b7f6e13d-1db8-491a-b50b-845febf47238}</UniqueIdentifier>
    </Filter>
    <Filter Include="Contents\Objects\Environment\Floors">
      <UniqueIdentifier>{347c2aec-c1f7-497e-8bdc-266a881ee8ee}</UniqueIdentifier>
    </Filter>
    <Filter Include="Contents\Objects\Environment\Walls">
      <UniqueIdentifier>{7870289b-05e6-4758-95d1-f4e9d700905c}</UniqueIdentifier>
    </Filter>
    <Filter Include="Contents\Objects\GameCharacters\Monsters">
      <UniqueIdentifier>{643229b1-9f82-42bc-8ca1-97ba90931fbb}</UniqueIdentifier>
    </Filter>
    <Filter Include="Contents\Objects\GameCharacters\Monsters\Slimes">
      <UniqueIdentifier>{067f1840-2e46-403b-a2e8-7b10582ce1c3}</UniqueIdentifier>
    </Filter>
    <Filter Include="Contents\Objects\GameCharacters\Monsters\Slimes\BlueSlime">
      <UniqueIdentifier>{49246ea0-6b7f-4594-aeac-27a791a68660}</UniqueIdentifier>
    </Filter>
    <Filter Include="Contents\Items\Weapons">
      <UniqueIdentifier>{c1ece01c-4963-414f-a12e-720cd2cf3be0}</UniqueIdentifier>
    </Filter>
    <Filter Include="Contents\Items\Weapons\Decorators">
      <UniqueIdentifier>{e4be7208-6862-489c-a1c4-6577b4222aef}</UniqueIdentifier>
    </Filter>
    <Filter Include="Contents\Objects\GameCharacters\Monsters\Slimes\GreenSlime">
      <UniqueIdentifier>{57185331-1270-4281-b4d2-01b390b9e0f3}</UniqueIdentifier>
    </Filter>
    <Filter Include="Contents\Objects\GameCharacters\Monsters\Slimes\OrangeSlime">
      <UniqueIdentifier>{8426796c-8d31-4997-a2a1-9c513d89e363}</UniqueIdentifier>
    </Filter>
    <Filter Include="Contents\Items\Shovels">
      <UniqueIdentifier>{c713838a-dad8-4eda-9152-1599f020cfdf}</UniqueIdentifier>
    </Filter>
  </ItemGroup>
  <ItemGroup>
    <ClInclude Include="Client.h">
      <Filter>Main</Filter>
    </ClInclude>
    <ClInclude Include="framework.h">
      <Filter>Main</Filter>
    </ClInclude>
    <ClInclude Include="Resource.h">
      <Filter>Main</Filter>
    </ClInclude>
    <ClInclude Include="targetver.h">
      <Filter>Main</Filter>
    </ClInclude>
    <ClInclude Include="CommonInclude.h">
      <Filter>Engine\Common</Filter>
    </ClInclude>
    <ClInclude Include="LAnimation.h">
      <Filter>Engine\Component\Sprites\Animator</Filter>
    </ClInclude>
    <ClInclude Include="LAnimator.h">
      <Filter>Engine\Component\Sprites\Animator</Filter>
    </ClInclude>
    <ClInclude Include="LApplication.h">
      <Filter>Engine\High Level Interface</Filter>
    </ClInclude>
    <ClInclude Include="LBeatObject.h">
      <Filter>Contents\Objects</Filter>
    </ClInclude>
    <ClInclude Include="LBodyItem.h">
      <Filter>Contents\Items</Filter>
    </ClInclude>
    <ClInclude Include="LCadence.h">
      <Filter>Contents\Objects\GameCharacters\Cadence</Filter>
    </ClInclude>
    <ClInclude Include="LCadenceAttackEffect.h">
      <Filter>Contents\Objects\GameCharacters\Cadence</Filter>
    </ClInclude>
    <ClInclude Include="LCadenceBody.h">
      <Filter>Contents\Objects\GameCharacters\Cadence</Filter>
    </ClInclude>
    <ClInclude Include="LCadenceHead.h">
      <Filter>Contents\Objects\GameCharacters\Cadence</Filter>
    </ClInclude>
    <ClInclude Include="LCadenceSprite.h">
      <Filter>Contents\Objects\GameCharacters\Cadence</Filter>
    </ClInclude>
    <ClInclude Include="LCamera.h">
      <Filter>Engine\Camera</Filter>
    </ClInclude>
    <ClInclude Include="LCharacterSprite.h">
      <Filter>Contents\Objects\GameCharacters</Filter>
    </ClInclude>
    <ClInclude Include="LCollider.h">
      <Filter>Engine\Component\Collider</Filter>
    </ClInclude>
    <ClInclude Include="LCollisionManager.h">
      <Filter>Engine\Component\Collider</Filter>
    </ClInclude>
    <ClInclude Include="LEntity.h">
      <Filter>Engine\Common</Filter>
    </ClInclude>
    <ClInclude Include="LEnums.h">
      <Filter>Engine\Common</Filter>
    </ClInclude>
    <ClInclude Include="LComponent.h">
      <Filter>Engine\Component</Filter>
    </ClInclude>
    <ClInclude Include="LGameCharacter.h">
      <Filter>Contents\Objects\GameCharacters</Filter>
    </ClInclude>
    <ClInclude Include="LTutorialScene.h">
      <Filter>Contents\Scene</Filter>
    </ClInclude>
    <ClInclude Include="LTitleScene.h">
      <Filter>Contents\Scene</Filter>
    </ClInclude>
    <ClInclude Include="LSplashScene.h">
      <Filter>Contents\Scene</Filter>
    </ClInclude>
    <ClInclude Include="LScene.h">
      <Filter>Engine\Scene</Filter>
    </ClInclude>
    <ClInclude Include="LSceneManager.h">
      <Filter>Engine\Scene</Filter>
    </ClInclude>
    <ClInclude Include="LBeatManager.h">
      <Filter>Contents\SystemObjects</Filter>
    </ClInclude>
    <ClInclude Include="LGameObject.h">
      <Filter>Engine\GameObject</Filter>
    </ClInclude>
    <ClInclude Include="LInput.h">
      <Filter>Engine\Input</Filter>
    </ClInclude>
    <ClInclude Include="LLayer.h">
      <Filter>Engine\Layer</Filter>
    </ClInclude>
    <ClInclude Include="LMapManager.h">
      <Filter>Contents\SystemObjects</Filter>
    </ClInclude>
    <ClInclude Include="LMath.h">
      <Filter>Engine\Common</Filter>
    </ClInclude>
    <ClInclude Include="LObject.h">
      <Filter>Engine\GameObject</Filter>
    </ClInclude>
    <ClInclude Include="LResource.h">
      <Filter>Engine\Resource</Filter>
    </ClInclude>
    <ClInclude Include="LResources.h">
      <Filter>Engine\Resource</Filter>
    </ClInclude>
    <ClInclude Include="LSprite.h">
      <Filter>Engine\Component\Sprites</Filter>
    </ClInclude>
    <ClInclude Include="LSpriteRenderer.h">
      <Filter>Engine\Component\Sprites</Filter>
    </ClInclude>
    <ClInclude Include="LTime.h">
      <Filter>Engine\Time</Filter>
    </ClInclude>
    <ClInclude Include="LuciEngine.h">
      <Filter>Engine\Common</Filter>
    </ClInclude>
    <ClInclude Include="LTransform.h">
      <Filter>Engine\Component</Filter>
    </ClInclude>
    <ClInclude Include="LTileObject.h">
      <Filter>Contents\Objects\Environment</Filter>
    </ClInclude>
    <ClInclude Include="LFloorTile.h">
      <Filter>Contents\Objects\Environment\Floors</Filter>
    </ClInclude>
    <ClInclude Include="LFloorStrategy.h">
      <Filter>Contents\Objects\Environment\Floors</Filter>
    </ClInclude>
    <ClInclude Include="LLobbyScene.h">
      <Filter>Contents\Scene</Filter>
    </ClInclude>
    <ClInclude Include="LMap.h">
      <Filter>Contents\SystemObjects</Filter>
    </ClInclude>
    <ClInclude Include="LWallTile.h">
      <Filter>Contents\Objects\Environment\Walls</Filter>
    </ClInclude>
    <ClInclude Include="LAudioClip.h">
      <Filter>Engine\Resource</Filter>
    </ClInclude>
    <ClInclude Include="LImage.h">
      <Filter>Engine\Resource</Filter>
    </ClInclude>
    <ClInclude Include="LAudioDevice.h">
      <Filter>Engine\Resource</Filter>
    </ClInclude>
    <ClInclude Include="LMonster.h">
      <Filter>Contents\Objects\GameCharacters\Monsters</Filter>
    </ClInclude>
    <ClInclude Include="LBehaviorTree.h">
      <Filter>Contents\Objects\GameCharacters\Monsters</Filter>
    </ClInclude>
    <ClInclude Include="LBlueSlime.h">
      <Filter>Contents\Objects\GameCharacters\Monsters\Slimes\BlueSlime</Filter>
    </ClInclude>
    <ClInclude Include="LBlueSlimeSprite.h">
      <Filter>Contents\Objects\GameCharacters\Monsters\Slimes\BlueSlime</Filter>
    </ClInclude>
    <ClInclude Include="LCadenceShovelEffect.h">
      <Filter>Contents\Objects\GameCharacters\Cadence</Filter>
    </ClInclude>
    <ClInclude Include="LDagger.h">
      <Filter>Contents\Items\Weapons</Filter>
    </ClInclude>
    <ClInclude Include="LWeapon.h">
      <Filter>Contents\Items\Weapons</Filter>
    </ClInclude>
    <ClInclude Include="LMonsterWeapon.h">
      <Filter>Contents\Items\Weapons</Filter>
    </ClInclude>
    <ClInclude Include="LWeaponFilter.h">
      <Filter>Contents\Items\Weapons\Decorators</Filter>
    </ClInclude>
    <ClInclude Include="LGreenSlime.h">
      <Filter>Contents\Objects\GameCharacters\Monsters\Slimes\GreenSlime</Filter>
    </ClInclude>
    <ClInclude Include="LOrangeSlime.h">
      <Filter>Contents\Objects\GameCharacters\Monsters\Slimes\OrangeSlime</Filter>
    </ClInclude>
    <ClInclude Include="LGreenSlimeSprite.h">
      <Filter>Contents\Objects\GameCharacters\Monsters\Slimes\GreenSlime</Filter>
    </ClInclude>
    <ClInclude Include="LOrangeSlimeSprite.h">
      <Filter>Contents\Objects\GameCharacters\Monsters\Slimes\OrangeSlime</Filter>
    </ClInclude>
    <ClInclude Include="LShovel.h">
      <Filter>Contents\Items\Shovels</Filter>
    </ClInclude>
    <ClInclude Include="LAnimatorChecker.h" />
    <ClInclude Include="LTempScene.h" />
    <ClInclude Include="LSlime.h">
      <Filter>Contents\Objects\GameCharacters\Monsters\Slimes</Filter>
    </ClInclude>
    <ClInclude Include="LMonsterHeart.h">
      <Filter>Contents\Objects\GameCharacters\Monsters</Filter>
    </ClInclude>
  </ItemGroup>
  <ItemGroup>
    <ResourceCompile Include="Client.rc">
      <Filter>리소스 파일</Filter>
    </ResourceCompile>
  </ItemGroup>
  <ItemGroup>
    <Image Include="small.ico">
      <Filter>리소스 파일</Filter>
    </Image>
    <Image Include="Client.ico">
      <Filter>리소스 파일</Filter>
    </Image>
  </ItemGroup>
  <ItemGroup>
    <ClCompile Include="Client.cpp">
      <Filter>Main</Filter>
    </ClCompile>
    <ClCompile Include="LAnimation.cpp">
      <Filter>Engine\Component\Sprites\Animator</Filter>
    </ClCompile>
    <ClCompile Include="LAnimator.cpp">
      <Filter>Engine\Component\Sprites\Animator</Filter>
    </ClCompile>
    <ClCompile Include="LApplication.cpp">
      <Filter>Engine\High Level Interface</Filter>
    </ClCompile>
    <ClCompile Include="LCadence.cpp">
      <Filter>Contents\Objects\GameCharacters\Cadence</Filter>
    </ClCompile>
    <ClCompile Include="LCadenceAttackEffect.cpp">
      <Filter>Contents\Objects\GameCharacters\Cadence</Filter>
    </ClCompile>
    <ClCompile Include="LCadenceBody.cpp">
      <Filter>Contents\Objects\GameCharacters\Cadence</Filter>
    </ClCompile>
    <ClCompile Include="LCadenceHead.cpp">
      <Filter>Contents\Objects\GameCharacters\Cadence</Filter>
    </ClCompile>
    <ClCompile Include="LCadenceSprite.cpp">
      <Filter>Contents\Objects\GameCharacters\Cadence</Filter>
    </ClCompile>
    <ClCompile Include="LCamera.cpp">
      <Filter>Engine\Camera</Filter>
    </ClCompile>
    <ClCompile Include="LCharacterSprite.cpp">
      <Filter>Contents\Objects\GameCharacters</Filter>
    </ClCompile>
    <ClCompile Include="LCollider.cpp">
      <Filter>Engine\Component\Collider</Filter>
    </ClCompile>
    <ClCompile Include="LCollisionManager.cpp">
      <Filter>Engine\Component\Collider</Filter>
    </ClCompile>
    <ClCompile Include="LEntity.cpp">
      <Filter>Engine\Common</Filter>
    </ClCompile>
    <ClCompile Include="LComponent.cpp">
      <Filter>Engine\Component</Filter>
    </ClCompile>
    <ClCompile Include="LGameCharacter.cpp">
      <Filter>Contents\Objects\GameCharacters</Filter>
    </ClCompile>
    <ClCompile Include="LTutorialScene.cpp">
      <Filter>Contents\Scene</Filter>
    </ClCompile>
    <ClCompile Include="LTitleScene.cpp">
      <Filter>Contents\Scene</Filter>
    </ClCompile>
    <ClCompile Include="LSplashScene.cpp">
      <Filter>Contents\Scene</Filter>
    </ClCompile>
    <ClCompile Include="LScene.cpp">
      <Filter>Engine\Scene</Filter>
    </ClCompile>
    <ClCompile Include="LSceneManager.cpp">
      <Filter>Engine\Scene</Filter>
    </ClCompile>
    <ClCompile Include="LBeatManager.cpp">
      <Filter>Contents\SystemObjects</Filter>
    </ClCompile>
    <ClCompile Include="LGameObject.cpp">
      <Filter>Engine\GameObject</Filter>
    </ClCompile>
    <ClCompile Include="LInput.cpp">
      <Filter>Engine\Input</Filter>
    </ClCompile>
    <ClCompile Include="LLayer.cpp">
      <Filter>Engine\Layer</Filter>
    </ClCompile>
    <ClCompile Include="LMapManager.cpp">
      <Filter>Contents\SystemObjects</Filter>
    </ClCompile>
    <ClCompile Include="LMath.cpp">
      <Filter>Engine\Common</Filter>
    </ClCompile>
    <ClCompile Include="LResource.cpp">
      <Filter>Engine\Resource</Filter>
    </ClCompile>
    <ClCompile Include="LResources.cpp">
      <Filter>Engine\Resource</Filter>
    </ClCompile>
    <ClCompile Include="LSpriteRenderer.cpp">
      <Filter>Engine\Component\Sprites</Filter>
    </ClCompile>
    <ClCompile Include="LTime.cpp">
      <Filter>Engine\Time</Filter>
    </ClCompile>
    <ClCompile Include="LTransform.cpp">
      <Filter>Engine\Component</Filter>
    </ClCompile>
    <ClCompile Include="LTileObject.cpp">
      <Filter>Contents\Objects\Environment</Filter>
    </ClCompile>
    <ClCompile Include="LFloorTile.cpp">
      <Filter>Contents\Objects\Environment\Floors</Filter>
    </ClCompile>
    <ClCompile Include="LFloorStrategy.cpp">
      <Filter>Contents\Objects\Environment\Floors</Filter>
    </ClCompile>
    <ClCompile Include="LLobbyScene.cpp">
      <Filter>Contents\Scene</Filter>
    </ClCompile>
    <ClCompile Include="LMap.cpp">
      <Filter>Contents\SystemObjects</Filter>
    </ClCompile>
    <ClCompile Include="LStairTile.cpp">
      <Filter>Contents\Objects\Environment\Floors</Filter>
    </ClCompile>
    <ClCompile Include="LWallTile.cpp">
      <Filter>Contents\Objects\Environment\Walls</Filter>
    </ClCompile>
    <ClCompile Include="LAudioClip.cpp">
      <Filter>Engine\Resource</Filter>
    </ClCompile>
    <ClCompile Include="LImage.cpp">
      <Filter>Engine\Resource</Filter>
    </ClCompile>
    <ClCompile Include="LAudioDevice.cpp">
      <Filter>Engine\Resource</Filter>
    </ClCompile>
    <ClCompile Include="LMonster.cpp">
      <Filter>Contents\Objects\GameCharacters\Monsters</Filter>
    </ClCompile>
    <ClCompile Include="LBehaviorTree.cpp">
      <Filter>Contents\Objects\GameCharacters\Monsters</Filter>
    </ClCompile>
    <ClCompile Include="LBlueSlime.cpp">
      <Filter>Contents\Objects\GameCharacters\Monsters\Slimes\BlueSlime</Filter>
    </ClCompile>
    <ClCompile Include="LBlueSlimeSprite.cpp">
      <Filter>Contents\Objects\GameCharacters\Monsters\Slimes\BlueSlime</Filter>
    </ClCompile>
    <ClCompile Include="LCadenceShovelEffect.cpp">
      <Filter>Contents\Objects\GameCharacters\Cadence</Filter>
    </ClCompile>
    <ClCompile Include="LDagger.cpp">
      <Filter>Contents\Items\Weapons</Filter>
    </ClCompile>
    <ClCompile Include="LWeapon.cpp">
      <Filter>Contents\Items\Weapons</Filter>
    </ClCompile>
    <ClCompile Include="LWeaponFilter.cpp">
      <Filter>Contents\Items\Weapons\Decorators</Filter>
    </ClCompile>
    <ClCompile Include="LMonsterWeapon.cpp">
      <Filter>Contents\Items\Weapons</Filter>
    </ClCompile>
    <ClCompile Include="LGreenSlime.cpp">
      <Filter>Contents\Objects\GameCharacters\Monsters\Slimes\GreenSlime</Filter>
    </ClCompile>
    <ClCompile Include="LOrangeSlime.cpp">
      <Filter>Contents\Objects\GameCharacters\Monsters\Slimes\OrangeSlime</Filter>
    </ClCompile>
    <ClCompile Include="LGreenSlimeSprite.cpp">
      <Filter>Contents\Objects\GameCharacters\Monsters\Slimes\GreenSlime</Filter>
    </ClCompile>
    <ClCompile Include="LOrangeSlimeSprite.cpp">
      <Filter>Contents\Objects\GameCharacters\Monsters\Slimes\OrangeSlime</Filter>
    </ClCompile>
    <ClCompile Include="LShovel.cpp">
      <Filter>Contents\Items\Shovels</Filter>
    </ClCompile>
    <ClCompile Include="LAnimatorChecker.cpp" />
    <ClCompile Include="LTempScene.cpp" />
    <ClCompile Include="LSlime.cpp">
      <Filter>Contents\Objects\GameCharacters\Monsters\Slimes</Filter>
    </ClCompile>
    <ClCompile Include="LMonsterHeart.cpp">
      <Filter>Contents\Objects\GameCharacters\Monsters</Filter>
    </ClCompile>
  </ItemGroup>
</Project>