<?xml version="1.0" encoding="utf-8"?>
<Project ToolsVersion="4.0" xmlns="http://schemas.microsoft.com/developer/msbuild/2003">
  <ItemGroup>
    <Filter Include="리소스 파일">
      <UniqueIdentifier>{67DA6AB6-F800-4c08-8B7A-83BB121AAD01}</UniqueIdentifier>
      <Extensions>rc;ico;cur;bmp;dlg;rc2;rct;bin;rgs;gif;jpg;jpeg;jpe;resx;tiff;tif;png;wav;mfcribbon-ms</Extensions>
    </Filter>
    <Filter Include="Main">
      <UniqueIdentifier>{ac13619b-f2c2-4543-9597-59eeae90f268}</UniqueIdentifier>
    </Filter>
    <Filter Include="Contents">
      <UniqueIdentifier>{c67ade69-dbff-4a17-beca-b079a5a3fc26}</UniqueIdentifier>
    </Filter>
    <Filter Include="Engine">
      <UniqueIdentifier>{caa5d15d-f5a9-478a-871e-1355fc209e75}</UniqueIdentifier>
    </Filter>
    <Filter Include="Engine\Common">
      <UniqueIdentifier>{1b5fd1f2-239b-48ed-b5c4-46e4e91d1501}</UniqueIdentifier>
    </Filter>
    <Filter Include="Engine\Component">
      <UniqueIdentifier>{473f846d-0320-48cf-92e2-860ad2160869}</UniqueIdentifier>
    </Filter>
    <Filter Include="Engine\GameObject">
      <UniqueIdentifier>{562123f5-22ef-4a24-bca8-098047c692ab}</UniqueIdentifier>
    </Filter>
    <Filter Include="Engine\High Level Interface">
      <UniqueIdentifier>{fe6c735f-68e2-4d8b-b23a-7da1d3e93a14}</UniqueIdentifier>
    </Filter>
    <Filter Include="Engine\Input">
      <UniqueIdentifier>{33b12933-10d9-461a-9a86-1439b64efbf3}</UniqueIdentifier>
    </Filter>
    <Filter Include="Engine\Layer">
      <UniqueIdentifier>{86be19a8-320d-4877-884f-4e0e940e0f17}</UniqueIdentifier>
    </Filter>
    <Filter Include="Engine\Resource">
      <UniqueIdentifier>{e875322c-7358-4d5b-a3ca-4a7eb7b13335}</UniqueIdentifier>
    </Filter>
    <Filter Include="Engine\Scene">
      <UniqueIdentifier>{9ea13f5f-ce6c-407f-812a-c206d137f84d}</UniqueIdentifier>
    </Filter>
    <Filter Include="Engine\Time">
      <UniqueIdentifier>{18bfba1a-05f9-4e3c-819e-42952f8448db}</UniqueIdentifier>
    </Filter>
  </ItemGroup>
  <ItemGroup>
    <ClInclude Include="Client.h">
      <Filter>Main</Filter>
    </ClInclude>
    <ClInclude Include="framework.h">
      <Filter>Main</Filter>
    </ClInclude>
    <ClInclude Include="Resource.h">
      <Filter>Main</Filter>
    </ClInclude>
    <ClInclude Include="targetver.h">
      <Filter>Main</Filter>
    </ClInclude>
    <ClInclude Include="LApplication.h">
      <Filter>Engine\High Level Interface</Filter>
    </ClInclude>
    <ClInclude Include="CommonInclude.h">
      <Filter>Engine\Common</Filter>
    </ClInclude>
    <ClInclude Include="LEntity.h">
      <Filter>Engine\Common</Filter>
    </ClInclude>
    <ClInclude Include="LEnums.h">
      <Filter>Engine\Common</Filter>
    </ClInclude>
    <ClInclude Include="LuciEngine.h">
      <Filter>Engine\Common</Filter>
    </ClInclude>
    <ClInclude Include="LMath.h">
      <Filter>Engine\Common</Filter>
    </ClInclude>
    <ClInclude Include="LComponent.h">
      <Filter>Engine\Component</Filter>
    </ClInclude>
    <ClInclude Include="LGameObject.h">
      <Filter>Engine\GameObject</Filter>
    </ClInclude>
    <ClInclude Include="LInput.h">
      <Filter>Engine\Input</Filter>
    </ClInclude>
    <ClInclude Include="LSceneManager.h">
      <Filter>Engine\Scene</Filter>
    </ClInclude>
    <ClInclude Include="LTime.h">
      <Filter>Engine\Time</Filter>
    </ClInclude>
    <ClInclude Include="LSceneHeaders.h">
      <Filter>Engine\Scene</Filter>
    </ClInclude>
    <ClInclude Include="LScene.h">
      <Filter>Engine\Scene</Filter>
    </ClInclude>
    <ClInclude Include="LResources.h">
      <Filter>Engine\Resource</Filter>
    </ClInclude>
    <ClInclude Include="LResource.h">
      <Filter>Engine\Resource</Filter>
    </ClInclude>
    <ClInclude Include="LImage.h">
      <Filter>Engine\Resource</Filter>
    </ClInclude>
    <ClInclude Include="LLayer.h">
      <Filter>Engine\Layer</Filter>
    </ClInclude>
    <ClInclude Include="LTransform.h">
      <Filter>Engine\Component</Filter>
    </ClInclude>
  </ItemGroup>
  <ItemGroup>
    <ResourceCompile Include="Client.rc">
      <Filter>리소스 파일</Filter>
    </ResourceCompile>
  </ItemGroup>
  <ItemGroup>
    <Image Include="small.ico">
      <Filter>리소스 파일</Filter>
    </Image>
    <Image Include="Client.ico">
      <Filter>리소스 파일</Filter>
    </Image>
  </ItemGroup>
  <ItemGroup>
    <ClCompile Include="Client.cpp">
      <Filter>Main</Filter>
    </ClCompile>
    <ClCompile Include="LApplication.cpp">
      <Filter>Engine\High Level Interface</Filter>
    </ClCompile>
    <ClCompile Include="LEntity.cpp">
      <Filter>Engine\Common</Filter>
    </ClCompile>
    <ClCompile Include="LComponent.cpp">
      <Filter>Engine\Component</Filter>
    </ClCompile>
    <ClCompile Include="LGameObject.cpp">
      <Filter>Engine\GameObject</Filter>
    </ClCompile>
    <ClCompile Include="LInput.cpp">
      <Filter>Engine\Input</Filter>
    </ClCompile>
    <ClCompile Include="LTime.cpp">
      <Filter>Engine\Time</Filter>
    </ClCompile>
    <ClCompile Include="LSceneManager.cpp">
      <Filter>Engine\Scene</Filter>
    </ClCompile>
    <ClCompile Include="LScene.cpp">
      <Filter>Engine\Scene</Filter>
    </ClCompile>
    <ClCompile Include="LResource.cpp">
      <Filter>Engine\Resource</Filter>
    </ClCompile>
    <ClCompile Include="LResources.cpp">
      <Filter>Engine\Resource</Filter>
    </ClCompile>
    <ClCompile Include="LImage.cpp">
      <Filter>Engine\Resource</Filter>
    </ClCompile>
    <ClCompile Include="LLayer.cpp">
      <Filter>Engine\Layer</Filter>
    </ClCompile>
    <ClCompile Include="LTransform.cpp">
      <Filter>Engine\Component</Filter>
    </ClCompile>
  </ItemGroup>
</Project>